// !$*UTF8*$!
{
	archiveVersion = 1;
	classes = {
	};
	objectVersion = 46;
	objects = {

/* Begin PBXBuildFile section */
		1C2D7BB31C8B6EFB00E56966 /* GameBoard.swift in Sources */ = {isa = PBXBuildFile; fileRef = 1C2D7BB21C8B6EFB00E56966 /* GameBoard.swift */; };
		1C2D7BB61C8B6F1C00E56966 /* Tile.swift in Sources */ = {isa = PBXBuildFile; fileRef = 1C2D7BB51C8B6F1C00E56966 /* Tile.swift */; };
		1C2D7BB81C8B6F6400E56966 /* GameScene.sks in Resources */ = {isa = PBXBuildFile; fileRef = 1C2D7BB71C8B6F6400E56966 /* GameScene.sks */; };
		1C2D7BBA1C8B6F8400E56966 /* GameScene.swift in Sources */ = {isa = PBXBuildFile; fileRef = 1C2D7BB91C8B6F8400E56966 /* GameScene.swift */; };
		7A30FB901C8929DC00608D4F /* SocketIOClientSwift.framework in Frameworks */ = {isa = PBXBuildFile; fileRef = 7A30FB8D1C89294F00608D4F /* SocketIOClientSwift.framework */; };
		7A30FB911C8929DC00608D4F /* SocketIOClientSwift.framework in Embed Frameworks */ = {isa = PBXBuildFile; fileRef = 7A30FB8D1C89294F00608D4F /* SocketIOClientSwift.framework */; settings = {ATTRIBUTES = (CodeSignOnCopy, RemoveHeadersOnCopy, ); }; };
		7AAEAFCA1C88E0BD0007C971 /* AppDelegate.swift in Sources */ = {isa = PBXBuildFile; fileRef = 7AAEAFC91C88E0BD0007C971 /* AppDelegate.swift */; };
		7AAEAFCC1C88E0BD0007C971 /* GameViewController.swift in Sources */ = {isa = PBXBuildFile; fileRef = 7AAEAFCB1C88E0BD0007C971 /* GameViewController.swift */; };
		7AAEAFCF1C88E0BD0007C971 /* Main.storyboard in Resources */ = {isa = PBXBuildFile; fileRef = 7AAEAFCD1C88E0BD0007C971 /* Main.storyboard */; };
		7AAEAFD11C88E0BD0007C971 /* Assets.xcassets in Resources */ = {isa = PBXBuildFile; fileRef = 7AAEAFD01C88E0BD0007C971 /* Assets.xcassets */; };
		7AAEAFD41C88E0BD0007C971 /* LaunchScreen.storyboard in Resources */ = {isa = PBXBuildFile; fileRef = 7AAEAFD21C88E0BD0007C971 /* LaunchScreen.storyboard */; };
		7AF847FC1C8B6B3500AC64E7 /* Client.swift in Sources */ = {isa = PBXBuildFile; fileRef = 7AF847FB1C8B6B3500AC64E7 /* Client.swift */; };
/* End PBXBuildFile section */

/* Begin PBXContainerItemProxy section */
		7A30FB8A1C89294F00608D4F /* PBXContainerItemProxy */ = {
			isa = PBXContainerItemProxy;
			containerPortal = 7A30FB851C89294F00608D4F /* Pods.xcodeproj */;
			proxyType = 2;
			remoteGlobalIDString = 24B5A12F40A421CC64A9EFF354A6E477;
			remoteInfo = Pods;
		};
		7A30FB8C1C89294F00608D4F /* PBXContainerItemProxy */ = {
			isa = PBXContainerItemProxy;
			containerPortal = 7A30FB851C89294F00608D4F /* Pods.xcodeproj */;
			proxyType = 2;
			remoteGlobalIDString = 4194C11C1C3E5C279374B2A53558F098;
			remoteInfo = "Socket.IO-Client-Swift";
		};
		7A30FB8E1C89297200608D4F /* PBXContainerItemProxy */ = {
			isa = PBXContainerItemProxy;
			containerPortal = 7A30FB851C89294F00608D4F /* Pods.xcodeproj */;
			proxyType = 1;
			remoteGlobalIDString = A787C50BB638F76ED0EE6AED918E9110;
			remoteInfo = "Socket.IO-Client-Swift";
		};
		7A30FB921C8929DC00608D4F /* PBXContainerItemProxy */ = {
			isa = PBXContainerItemProxy;
			containerPortal = 7A30FB851C89294F00608D4F /* Pods.xcodeproj */;
			proxyType = 1;
			remoteGlobalIDString = A787C50BB638F76ED0EE6AED918E9110;
			remoteInfo = "Socket.IO-Client-Swift";
		};
/* End PBXContainerItemProxy section */

/* Begin PBXCopyFilesBuildPhase section */
		7A30FB941C8929DD00608D4F /* Embed Frameworks */ = {
			isa = PBXCopyFilesBuildPhase;
			buildActionMask = 2147483647;
			dstPath = "";
			dstSubfolderSpec = 10;
			files = (
				7A30FB911C8929DC00608D4F /* SocketIOClientSwift.framework in Embed Frameworks */,
			);
			name = "Embed Frameworks";
			runOnlyForDeploymentPostprocessing = 0;
		};
/* End PBXCopyFilesBuildPhase section */

/* Begin PBXFileReference section */
		1C2D7BB21C8B6EFB00E56966 /* GameBoard.swift */ = {isa = PBXFileReference; fileEncoding = 4; lastKnownFileType = sourcecode.swift; path = GameBoard.swift; sourceTree = "<group>"; };
		1C2D7BB51C8B6F1C00E56966 /* Tile.swift */ = {isa = PBXFileReference; fileEncoding = 4; lastKnownFileType = sourcecode.swift; path = Tile.swift; sourceTree = "<group>"; };
		1C2D7BB71C8B6F6400E56966 /* GameScene.sks */ = {isa = PBXFileReference; lastKnownFileType = file.sks; path = GameScene.sks; sourceTree = "<group>"; };
		1C2D7BB91C8B6F8400E56966 /* GameScene.swift */ = {isa = PBXFileReference; fileEncoding = 4; lastKnownFileType = sourcecode.swift; path = GameScene.swift; sourceTree = "<group>"; };
		7A30FB851C89294F00608D4F /* Pods.xcodeproj */ = {isa = PBXFileReference; lastKnownFileType = "wrapper.pb-project"; name = Pods.xcodeproj; path = Pods/Pods.xcodeproj; sourceTree = "<group>"; };
		7AAEAFC61C88E0BD0007C971 /* BattleShip.app */ = {isa = PBXFileReference; explicitFileType = wrapper.application; includeInIndex = 0; path = BattleShip.app; sourceTree = BUILT_PRODUCTS_DIR; };
		7AAEAFC91C88E0BD0007C971 /* AppDelegate.swift */ = {isa = PBXFileReference; lastKnownFileType = sourcecode.swift; path = AppDelegate.swift; sourceTree = "<group>"; };
		7AAEAFCB1C88E0BD0007C971 /* GameViewController.swift */ = {isa = PBXFileReference; lastKnownFileType = sourcecode.swift; path = GameViewController.swift; sourceTree = "<group>"; };
		7AAEAFCE1C88E0BD0007C971 /* Base */ = {isa = PBXFileReference; lastKnownFileType = file.storyboard; name = Base; path = Base.lproj/Main.storyboard; sourceTree = "<group>"; };
		7AAEAFD01C88E0BD0007C971 /* Assets.xcassets */ = {isa = PBXFileReference; lastKnownFileType = folder.assetcatalog; path = Assets.xcassets; sourceTree = "<group>"; };
		7AAEAFD31C88E0BD0007C971 /* Base */ = {isa = PBXFileReference; lastKnownFileType = file.storyboard; name = Base; path = Base.lproj/LaunchScreen.storyboard; sourceTree = "<group>"; };
		7AAEAFD51C88E0BD0007C971 /* Info.plist */ = {isa = PBXFileReference; lastKnownFileType = text.plist.xml; path = Info.plist; sourceTree = "<group>"; };
		7AF847FB1C8B6B3500AC64E7 /* Client.swift */ = {isa = PBXFileReference; fileEncoding = 4; lastKnownFileType = sourcecode.swift; path = Client.swift; sourceTree = "<group>"; };
/* End PBXFileReference section */

/* Begin PBXFrameworksBuildPhase section */
		7AAEAFC31C88E0BD0007C971 /* Frameworks */ = {
			isa = PBXFrameworksBuildPhase;
			buildActionMask = 2147483647;
			files = (
				7A30FB901C8929DC00608D4F /* SocketIOClientSwift.framework in Frameworks */,
			);
			runOnlyForDeploymentPostprocessing = 0;
		};
/* End PBXFrameworksBuildPhase section */

/* Begin PBXGroup section */
		7A30FB861C89294F00608D4F /* Products */ = {
			isa = PBXGroup;
			children = (
				7A30FB8B1C89294F00608D4F /* Pods.framework */,
				7A30FB8D1C89294F00608D4F /* SocketIOClientSwift.framework */,
			);
			name = Products;
			sourceTree = "<group>";
		};
		7AAEAFBD1C88E0BD0007C971 = {
			isa = PBXGroup;
			children = (
				7A30FB851C89294F00608D4F /* Pods.xcodeproj */,
				7AAEAFC81C88E0BD0007C971 /* BattleShip */,
				7AAEAFC71C88E0BD0007C971 /* Products */,
			);
			sourceTree = "<group>";
		};
		7AAEAFC71C88E0BD0007C971 /* Products */ = {
			isa = PBXGroup;
			children = (
				7AAEAFC61C88E0BD0007C971 /* BattleShip.app */,
			);
			name = Products;
			sourceTree = "<group>";
		};
		7AAEAFC81C88E0BD0007C971 /* BattleShip */ = {
			isa = PBXGroup;
			children = (
				7AAEAFC91C88E0BD0007C971 /* AppDelegate.swift */,
				7AAEAFCB1C88E0BD0007C971 /* GameViewController.swift */,
				1C2D7BB21C8B6EFB00E56966 /* GameBoard.swift */,
				1C2D7BB51C8B6F1C00E56966 /* Tile.swift */,
				1C2D7BB71C8B6F6400E56966 /* GameScene.sks */,
				1C2D7BB91C8B6F8400E56966 /* GameScene.swift */,
				7AAEAFCD1C88E0BD0007C971 /* Main.storyboard */,
				7AAEAFD01C88E0BD0007C971 /* Assets.xcassets */,
				7AAEAFD21C88E0BD0007C971 /* LaunchScreen.storyboard */,
				7AAEAFD51C88E0BD0007C971 /* Info.plist */,
				7AF847FB1C8B6B3500AC64E7 /* Client.swift */,
			);
			path = BattleShip;
			sourceTree = "<group>";
		};
/* End PBXGroup section */

/* Begin PBXNativeTarget section */
		7AAEAFC51C88E0BD0007C971 /* BattleShip */ = {
			isa = PBXNativeTarget;
			buildConfigurationList = 7AAEAFD81C88E0BD0007C971 /* Build configuration list for PBXNativeTarget "BattleShip" */;
			buildPhases = (
				7AAEAFC21C88E0BD0007C971 /* Sources */,
				7AAEAFC31C88E0BD0007C971 /* Frameworks */,
				7AAEAFC41C88E0BD0007C971 /* Resources */,
				7A30FB941C8929DD00608D4F /* Embed Frameworks */,
			);
			buildRules = (
			);
			dependencies = (
				7A30FB8F1C89297200608D4F /* PBXTargetDependency */,
				7A30FB931C8929DC00608D4F /* PBXTargetDependency */,
			);
			name = BattleShip;
			productName = BattleShip;
			productReference = 7AAEAFC61C88E0BD0007C971 /* BattleShip.app */;
			productType = "com.apple.product-type.application";
		};
/* End PBXNativeTarget section */

/* Begin PBXProject section */
		7AAEAFBE1C88E0BD0007C971 /* Project object */ = {
			isa = PBXProject;
			attributes = {
				LastSwiftUpdateCheck = 0720;
				LastUpgradeCheck = 0720;
				ORGANIZATIONNAME = "Zishi Wu";
				TargetAttributes = {
					7AAEAFC51C88E0BD0007C971 = {
						CreatedOnToolsVersion = 7.2;
						DevelopmentTeam = SRJK23Z86C;
					};
				};
			};
			buildConfigurationList = 7AAEAFC11C88E0BD0007C971 /* Build configuration list for PBXProject "BattleShip" */;
			compatibilityVersion = "Xcode 3.2";
			developmentRegion = English;
			hasScannedForEncodings = 0;
			knownRegions = (
				en,
				Base,
			);
			mainGroup = 7AAEAFBD1C88E0BD0007C971;
			productRefGroup = 7AAEAFC71C88E0BD0007C971 /* Products */;
			projectDirPath = "";
			projectReferences = (
				{
					ProductGroup = 7A30FB861C89294F00608D4F /* Products */;
					ProjectRef = 7A30FB851C89294F00608D4F /* Pods.xcodeproj */;
				},
			);
			projectRoot = "";
			targets = (
				7AAEAFC51C88E0BD0007C971 /* BattleShip */,
			);
		};
/* End PBXProject section */

/* Begin PBXReferenceProxy section */
		7A30FB8B1C89294F00608D4F /* Pods.framework */ = {
			isa = PBXReferenceProxy;
			fileType = wrapper.framework;
			path = Pods.framework;
			remoteRef = 7A30FB8A1C89294F00608D4F /* PBXContainerItemProxy */;
			sourceTree = BUILT_PRODUCTS_DIR;
		};
		7A30FB8D1C89294F00608D4F /* SocketIOClientSwift.framework */ = {
			isa = PBXReferenceProxy;
			fileType = wrapper.framework;
			path = SocketIOClientSwift.framework;
			remoteRef = 7A30FB8C1C89294F00608D4F /* PBXContainerItemProxy */;
			sourceTree = BUILT_PRODUCTS_DIR;
		};
/* End PBXReferenceProxy section */

/* Begin PBXResourcesBuildPhase section */
		7AAEAFC41C88E0BD0007C971 /* Resources */ = {
			isa = PBXResourcesBuildPhase;
			buildActionMask = 2147483647;
			files = (
				1C2D7BB81C8B6F6400E56966 /* GameScene.sks in Resources */,
				7AAEAFD41C88E0BD0007C971 /* LaunchScreen.storyboard in Resources */,
				7AAEAFD11C88E0BD0007C971 /* Assets.xcassets in Resources */,
				7AAEAFCF1C88E0BD0007C971 /* Main.storyboard in Resources */,
			);
			runOnlyForDeploymentPostprocessing = 0;
		};
/* End PBXResourcesBuildPhase section */

/* Begin PBXSourcesBuildPhase section */
		7AAEAFC21C88E0BD0007C971 /* Sources */ = {
			isa = PBXSourcesBuildPhase;
			buildActionMask = 2147483647;
			files = (
				1C2D7BBA1C8B6F8400E56966 /* GameScene.swift in Sources */,
				1C2D7BB31C8B6EFB00E56966 /* GameBoard.swift in Sources */,
				7AAEAFCC1C88E0BD0007C971 /* GameViewController.swift in Sources */,
				1C2D7BB61C8B6F1C00E56966 /* Tile.swift in Sources */,
				7AAEAFCA1C88E0BD0007C971 /* AppDelegate.swift in Sources */,
				7AF847FC1C8B6B3500AC64E7 /* Client.swift in Sources */,
			);
			runOnlyForDeploymentPostprocessing = 0;
		};
/* End PBXSourcesBuildPhase section */

/* Begin PBXTargetDependency section */
		7A30FB8F1C89297200608D4F /* PBXTargetDependency */ = {
			isa = PBXTargetDependency;
			name = "Socket.IO-Client-Swift";
			targetProxy = 7A30FB8E1C89297200608D4F /* PBXContainerItemProxy */;
		};
		7A30FB931C8929DC00608D4F /* PBXTargetDependency */ = {
			isa = PBXTargetDependency;
			name = "Socket.IO-Client-Swift";
			targetProxy = 7A30FB921C8929DC00608D4F /* PBXContainerItemProxy */;
		};
/* End PBXTargetDependency section */

/* Begin PBXVariantGroup section */
		7AAEAFCD1C88E0BD0007C971 /* Main.storyboard */ = {
			isa = PBXVariantGroup;
			children = (
				7AAEAFCE1C88E0BD0007C971 /* Base */,
			);
			name = Main.storyboard;
			sourceTree = "<group>";
		};
		7AAEAFD21C88E0BD0007C971 /* LaunchScreen.storyboard */ = {
			isa = PBXVariantGroup;
			children = (
				7AAEAFD31C88E0BD0007C971 /* Base */,
			);
			name = LaunchScreen.storyboard;
			sourceTree = "<group>";
		};
/* End PBXVariantGroup section */

/* Begin XCBuildConfiguration section */
		7AAEAFD61C88E0BD0007C971 /* Debug */ = {
			isa = XCBuildConfiguration;
			buildSettings = {
				ALWAYS_SEARCH_USER_PATHS = NO;
				CLANG_CXX_LANGUAGE_STANDARD = "gnu++0x";
				CLANG_CXX_LIBRARY = "libc++";
				CLANG_ENABLE_MODULES = YES;
				CLANG_ENABLE_OBJC_ARC = YES;
				CLANG_WARN_BOOL_CONVERSION = YES;
				CLANG_WARN_CONSTANT_CONVERSION = YES;
				CLANG_WARN_DIRECT_OBJC_ISA_USAGE = YES_ERROR;
				CLANG_WARN_EMPTY_BODY = YES;
				CLANG_WARN_ENUM_CONVERSION = YES;
				CLANG_WARN_INT_CONVERSION = YES;
				CLANG_WARN_OBJC_ROOT_CLASS = YES_ERROR;
				CLANG_WARN_UNREACHABLE_CODE = YES;
				CLANG_WARN__DUPLICATE_METHOD_MATCH = YES;
				"CODE_SIGN_IDENTITY[sdk=iphoneos*]" = "iPhone Developer";
				COPY_PHASE_STRIP = NO;
				DEBUG_INFORMATION_FORMAT = dwarf;
				ENABLE_STRICT_OBJC_MSGSEND = YES;
				ENABLE_TESTABILITY = YES;
				GCC_C_LANGUAGE_STANDARD = gnu99;
				GCC_DYNAMIC_NO_PIC = NO;
				GCC_NO_COMMON_BLOCKS = YES;
				GCC_OPTIMIZATION_LEVEL = 0;
				GCC_PREPROCESSOR_DEFINITIONS = (
					"DEBUG=1",
					"$(inherited)",
				);
				GCC_WARN_64_TO_32_BIT_CONVERSION = YES;
				GCC_WARN_ABOUT_RETURN_TYPE = YES_ERROR;
				GCC_WARN_UNDECLARED_SELECTOR = YES;
				GCC_WARN_UNINITIALIZED_AUTOS = YES_AGGRESSIVE;
				GCC_WARN_UNUSED_FUNCTION = YES;
				GCC_WARN_UNUSED_VARIABLE = YES;
				IPHONEOS_DEPLOYMENT_TARGET = 9.2;
				MTL_ENABLE_DEBUG_INFO = YES;
				ONLY_ACTIVE_ARCH = YES;
				SDKROOT = iphoneos;
				SWIFT_OPTIMIZATION_LEVEL = "-Onone";
				TARGETED_DEVICE_FAMILY = "1,2";
			};
			name = Debug;
		};
		7AAEAFD71C88E0BD0007C971 /* Release */ = {
			isa = XCBuildConfiguration;
			buildSettings = {
				ALWAYS_SEARCH_USER_PATHS = NO;
				CLANG_CXX_LANGUAGE_STANDARD = "gnu++0x";
				CLANG_CXX_LIBRARY = "libc++";
				CLANG_ENABLE_MODULES = YES;
				CLANG_ENABLE_OBJC_ARC = YES;
				CLANG_WARN_BOOL_CONVERSION = YES;
				CLANG_WARN_CONSTANT_CONVERSION = YES;
				CLANG_WARN_DIRECT_OBJC_ISA_USAGE = YES_ERROR;
				CLANG_WARN_EMPTY_BODY = YES;
				CLANG_WARN_ENUM_CONVERSION = YES;
				CLANG_WARN_INT_CONVERSION = YES;
				CLANG_WARN_OBJC_ROOT_CLASS = YES_ERROR;
				CLANG_WARN_UNREACHABLE_CODE = YES;
				CLANG_WARN__DUPLICATE_METHOD_MATCH = YES;
				"CODE_SIGN_IDENTITY[sdk=iphoneos*]" = "iPhone Developer";
				COPY_PHASE_STRIP = NO;
				DEBUG_INFORMATION_FORMAT = "dwarf-with-dsym";
				ENABLE_NS_ASSERTIONS = NO;
				ENABLE_STRICT_OBJC_MSGSEND = YES;
				GCC_C_LANGUAGE_STANDARD = gnu99;
				GCC_NO_COMMON_BLOCKS = YES;
				GCC_WARN_64_TO_32_BIT_CONVERSION = YES;
				GCC_WARN_ABOUT_RETURN_TYPE = YES_ERROR;
				GCC_WARN_UNDECLARED_SELECTOR = YES;
				GCC_WARN_UNINITIALIZED_AUTOS = YES_AGGRESSIVE;
				GCC_WARN_UNUSED_FUNCTION = YES;
				GCC_WARN_UNUSED_VARIABLE = YES;
				IPHONEOS_DEPLOYMENT_TARGET = 9.2;
				MTL_ENABLE_DEBUG_INFO = NO;
				SDKROOT = iphoneos;
				TARGETED_DEVICE_FAMILY = "1,2";
				VALIDATE_PRODUCT = YES;
			};
			name = Release;
		};
		7AAEAFD91C88E0BD0007C971 /* Debug */ = {
			isa = XCBuildConfiguration;
			buildSettings = {
				ASSETCATALOG_COMPILER_APPICON_NAME = AppIcon;
				EMBEDDED_CONTENT_CONTAINS_SWIFT = YES;
				FRAMEWORK_SEARCH_PATHS = "";
				INFOPLIST_FILE = BattleShip/Info.plist;
				LD_RUNPATH_SEARCH_PATHS = "$(inherited) @executable_path/Frameworks";
				PRODUCT_BUNDLE_IDENTIFIER = "Zishi-Wu.BattleShip";
				PRODUCT_NAME = "$(TARGET_NAME)";
			};
			name = Debug;
		};
		7AAEAFDA1C88E0BD0007C971 /* Release */ = {
			isa = XCBuildConfiguration;
			buildSettings = {
				ASSETCATALOG_COMPILER_APPICON_NAME = AppIcon;
				EMBEDDED_CONTENT_CONTAINS_SWIFT = YES;
				FRAMEWORK_SEARCH_PATHS = "";
				INFOPLIST_FILE = BattleShip/Info.plist;
				LD_RUNPATH_SEARCH_PATHS = "$(inherited) @executable_path/Frameworks";
				PRODUCT_BUNDLE_IDENTIFIER = "Zishi-Wu.BattleShip";
				PRODUCT_NAME = "$(TARGET_NAME)";
			};
			name = Release;
		};
/* End XCBuildConfiguration section */

/* Begin XCConfigurationList section */
		7AAEAFC11C88E0BD0007C971 /* Build configuration list for PBXProject "BattleShip" */ = {
			isa = XCConfigurationList;
			buildConfigurations = (
				7AAEAFD61C88E0BD0007C971 /* Debug */,
				7AAEAFD71C88E0BD0007C971 /* Release */,
			);
			defaultConfigurationIsVisible = 0;
			defaultConfigurationName = Release;
		};
		7AAEAFD81C88E0BD0007C971 /* Build configuration list for PBXNativeTarget "BattleShip" */ = {
			isa = XCConfigurationList;
			buildConfigurations = (
				7AAEAFD91C88E0BD0007C971 /* Debug */,
				7AAEAFDA1C88E0BD0007C971 /* Release */,
			);
			defaultConfigurationIsVisible = 0;
			defaultConfigurationName = Release;
		};
/* End XCConfigurationList section */
	};
	rootObject = 7AAEAFBE1C88E0BD0007C971 /* Project object */;
}
